
Microsoft Visual Studio Solution File, Format Version 12.00
# Visual Studio Version 16
VisualStudioVersion = 16.0.29905.134
MinimumVisualStudioVersion = 10.0.40219.1
Project("{2150E333-8FDC-42A3-9474-1A3956D46DE8}") = "Libraries", "Libraries", "{574AD1CC-F76C-4B6B-B918-AC8E2D661B6B}"
EndProject
Project("{2150E333-8FDC-42A3-9474-1A3956D46DE8}") = "Plugins", "Plugins", "{0C615926-946B-4D92-8CA1-4EE14766B731}"
EndProject
Project("{2150E333-8FDC-42A3-9474-1A3956D46DE8}") = "Presentation", "Presentation", "{FE3733A9-0049-41B6-B2A0-8AFACD7CD645}"
EndProject
Project("{2150E333-8FDC-42A3-9474-1A3956D46DE8}") = "Mongo.Core", "Mongo.Core", "{B4B40943-BDDB-4495-9D88-A518304A0C4F}"
EndProject
Project("{9A19103F-16F7-4668-BE54-9A1E7A4F7556}") = "Rescuer.Mongo.Core", "Rescuer.Mongo.Core\Rescuer.Mongo.Core.csproj", "{4F44ACEA-CD1E-4767-A494-10D5DAE1B871}"
EndProject
Project("{2150E333-8FDC-42A3-9474-1A3956D46DE8}") = "DataLayer", "DataLayer", "{3B70FBE9-BBED-4D6A-838A-28E1C2C01040}"
EndProject
Project("{2150E333-8FDC-42A3-9474-1A3956D46DE8}") = "Npgsql.Core", "Npgsql.Core", "{8E4ECE9C-FA1C-4ABB-B807-D49B4CCCCF75}"
EndProject
Project("{2150E333-8FDC-42A3-9474-1A3956D46DE8}") = "Entities", "Entities", "{A069BDFB-A0D5-4070-9762-D58A66430DA3}"
EndProject
Project("{9A19103F-16F7-4668-BE54-9A1E7A4F7556}") = "Rescuer.Entites", "Rescuer.Entites\Rescuer.Entites.csproj", "{376D2662-B3B2-4E64-B7B0-BB843C159601}"
EndProject
Project("{2150E333-8FDC-42A3-9474-1A3956D46DE8}") = "Infrastructure", "Infrastructure", "{936C25D1-8673-4828-B76D-35A12771C44D}"
EndProject
Project("{9A19103F-16F7-4668-BE54-9A1E7A4F7556}") = "Rescuer.Core", "Rescuer.Core\Rescuer.Core.csproj", "{F405011E-E938-4CC1-AA85-AD31A4BF728E}"
EndProject
Project("{2150E333-8FDC-42A3-9474-1A3956D46DE8}") = "Gateway", "Gateway", "{D18682C7-CAEC-4DA6-8E1A-1A9B161FEB20}"
EndProject
Project("{2150E333-8FDC-42A3-9474-1A3956D46DE8}") = "Microservices", "Microservices", "{3FA9D168-D4BE-4C45-80EF-76FAE99C42D1}"
EndProject
Project("{2150E333-8FDC-42A3-9474-1A3956D46DE8}") = "Identity", "Identity", "{EB0640AB-0A79-4DEB-8EF2-C43A902CE7B7}"
EndProject
Project("{9A19103F-16F7-4668-BE54-9A1E7A4F7556}") = "Rescuer.Identity.WebApi", "Rescuer.Identity.WebApi\Rescuer.Identity.WebApi.csproj", "{6490FFF8-6A41-406A-85D5-C3DD794A0532}"
EndProject
Project("{2150E333-8FDC-42A3-9474-1A3956D46DE8}") = "Framework.Api", "Framework.Api", "{69364F4B-6DBE-4BB9-929A-5BEBB104DF18}"
EndProject
Project("{9A19103F-16F7-4668-BE54-9A1E7A4F7556}") = "Rescuer.Framework", "Rescuer.Framework\Rescuer.Framework.csproj", "{96E4E3D5-5FCF-498E-9B0B-E3EC059AD62D}"
EndProject
Project("{9A19103F-16F7-4668-BE54-9A1E7A4F7556}") = "Rescuer.Gateway.WebApi", "Rescuer.Gateway.WebApi\Rescuer.Gateway.WebApi.csproj", "{E57F02D5-A41A-49FF-8498-9E8DB125657F}"
EndProject
Project("{2150E333-8FDC-42A3-9474-1A3956D46DE8}") = "DTO", "DTO", "{5D7D9A9C-88A2-48EA-ACEB-2C9C85E0ADEC}"
EndProject
Project("{9A19103F-16F7-4668-BE54-9A1E7A4F7556}") = "Rescuer.DTO", "Rescuer.DTO\Rescuer.DTO.csproj", "{31BB2156-0AE7-44BB-AE43-3E6720E84512}"
EndProject
Project("{2150E333-8FDC-42A3-9474-1A3956D46DE8}") = "FileManager", "FileManager", "{18EA73F1-DB6C-4C52-A756-A7B342502FD3}"
EndProject
Project("{2150E333-8FDC-42A3-9474-1A3956D46DE8}") = "General", "General", "{43F8644E-D633-4C68-90CB-2AA6CC6A4681}"
EndProject
Project("{9A19103F-16F7-4668-BE54-9A1E7A4F7556}") = "Rescuer.General.WebApi", "Rescuer.General.WebApi\Rescuer.General.WebApi.csproj", "{EF54A03F-A9FD-4D62-AB34-CD02C552F4B7}"
EndProject
Project("{2150E333-8FDC-42A3-9474-1A3956D46DE8}") = "EventBus", "EventBus", "{B4AFAA8D-ED55-408E-9E30-5C769D25C51D}"
EndProject
Project("{9A19103F-16F7-4668-BE54-9A1E7A4F7556}") = "Rescuer.EventBus.RabbitMQ", "Rescuer.EventBus.RabbitMQ\Rescuer.EventBus.RabbitMQ.csproj", "{2F6B4184-9558-483F-8BED-6A0FC10328A4}"
EndProject
Project("{9A19103F-16F7-4668-BE54-9A1E7A4F7556}") = "Rescuer.EventBus", "Rescuer.EventBus\Rescuer.EventBus.csproj", "{7BA24EFC-4B7E-4002-AF0E-7352E9024926}"
EndProject
Project("{2150E333-8FDC-42A3-9474-1A3956D46DE8}") = "Example", "Example", "{4C0F101A-E68C-468E-9FD2-6917850E4381}"
EndProject
Project("{9A19103F-16F7-4668-BE54-9A1E7A4F7556}") = "Rescuer.EventBus.Example.Publish", "Rescuer.EventBus.Example.Publish\Rescuer.EventBus.Example.Publish.csproj", "{0BA2A83C-1521-47EA-923B-B3B84B2D0F5E}"
EndProject
Project("{9A19103F-16F7-4668-BE54-9A1E7A4F7556}") = "Rescuer.EventBus.Example.Subscribe", "Rescuer.EventBus.Example.Subscribe\Rescuer.EventBus.Example.Subscribe.csproj", "{67F9ABEF-5BE1-475E-81DB-E7ACB6DB5B73}"
EndProject
Project("{9A19103F-16F7-4668-BE54-9A1E7A4F7556}") = "Rescuer.EventBus.IoC", "Rescuer.EventBus.IoC\Rescuer.EventBus.IoC.csproj", "{022AF7E6-45C3-404A-B530-301018A3F2A5}"
EndProject
Project("{2150E333-8FDC-42A3-9474-1A3956D46DE8}") = "Test", "Test", "{8EE95EE3-A00A-421B-ACC5-5F0639C22696}"
EndProject
Project("{9A19103F-16F7-4668-BE54-9A1E7A4F7556}") = "MongoDBTest", "MongoDBTest\MongoDBTest.csproj", "{F7976C6D-5968-41E5-B21C-E4B9B3406723}"
EndProject
Project("{2150E333-8FDC-42A3-9474-1A3956D46DE8}") = "src", "src", "{2F3E3265-DD22-43B2-8AE4-7F93AE0986AF}"
EndProject
Project("{9A19103F-16F7-4668-BE54-9A1E7A4F7556}") = "Rescuer.Npgsql.Core", "Rescuer.Npgsql.Core\Rescuer.Npgsql.Core.csproj", "{F332F0F8-C38E-4A83-BA80-F4D60FC99C01}"
EndProject
Global
	GlobalSection(SolutionConfigurationPlatforms) = preSolution
		Debug|Any CPU = Debug|Any CPU
		Release|Any CPU = Release|Any CPU
	EndGlobalSection
	GlobalSection(ProjectConfigurationPlatforms) = postSolution
		{4F44ACEA-CD1E-4767-A494-10D5DAE1B871}.Debug|Any CPU.ActiveCfg = Debug|Any CPU
		{4F44ACEA-CD1E-4767-A494-10D5DAE1B871}.Debug|Any CPU.Build.0 = Debug|Any CPU
		{4F44ACEA-CD1E-4767-A494-10D5DAE1B871}.Release|Any CPU.ActiveCfg = Release|Any CPU
		{4F44ACEA-CD1E-4767-A494-10D5DAE1B871}.Release|Any CPU.Build.0 = Release|Any CPU
		{376D2662-B3B2-4E64-B7B0-BB843C159601}.Debug|Any CPU.ActiveCfg = Debug|Any CPU
		{376D2662-B3B2-4E64-B7B0-BB843C159601}.Debug|Any CPU.Build.0 = Debug|Any CPU
		{376D2662-B3B2-4E64-B7B0-BB843C159601}.Release|Any CPU.ActiveCfg = Release|Any CPU
		{376D2662-B3B2-4E64-B7B0-BB843C159601}.Release|Any CPU.Build.0 = Release|Any CPU
		{F405011E-E938-4CC1-AA85-AD31A4BF728E}.Debug|Any CPU.ActiveCfg = Debug|Any CPU
		{F405011E-E938-4CC1-AA85-AD31A4BF728E}.Debug|Any CPU.Build.0 = Debug|Any CPU
		{F405011E-E938-4CC1-AA85-AD31A4BF728E}.Release|Any CPU.ActiveCfg = Release|Any CPU
		{F405011E-E938-4CC1-AA85-AD31A4BF728E}.Release|Any CPU.Build.0 = Release|Any CPU
		{6490FFF8-6A41-406A-85D5-C3DD794A0532}.Debug|Any CPU.ActiveCfg = Debug|Any CPU
		{6490FFF8-6A41-406A-85D5-C3DD794A0532}.Debug|Any CPU.Build.0 = Debug|Any CPU
		{6490FFF8-6A41-406A-85D5-C3DD794A0532}.Release|Any CPU.ActiveCfg = Release|Any CPU
		{6490FFF8-6A41-406A-85D5-C3DD794A0532}.Release|Any CPU.Build.0 = Release|Any CPU
		{96E4E3D5-5FCF-498E-9B0B-E3EC059AD62D}.Debug|Any CPU.ActiveCfg = Debug|Any CPU
		{96E4E3D5-5FCF-498E-9B0B-E3EC059AD62D}.Debug|Any CPU.Build.0 = Debug|Any CPU
		{96E4E3D5-5FCF-498E-9B0B-E3EC059AD62D}.Release|Any CPU.ActiveCfg = Release|Any CPU
		{96E4E3D5-5FCF-498E-9B0B-E3EC059AD62D}.Release|Any CPU.Build.0 = Release|Any CPU
		{E57F02D5-A41A-49FF-8498-9E8DB125657F}.Debug|Any CPU.ActiveCfg = Debug|Any CPU
		{E57F02D5-A41A-49FF-8498-9E8DB125657F}.Debug|Any CPU.Build.0 = Debug|Any CPU
		{E57F02D5-A41A-49FF-8498-9E8DB125657F}.Release|Any CPU.ActiveCfg = Release|Any CPU
		{E57F02D5-A41A-49FF-8498-9E8DB125657F}.Release|Any CPU.Build.0 = Release|Any CPU
		{31BB2156-0AE7-44BB-AE43-3E6720E84512}.Debug|Any CPU.ActiveCfg = Debug|Any CPU
		{31BB2156-0AE7-44BB-AE43-3E6720E84512}.Debug|Any CPU.Build.0 = Debug|Any CPU
		{31BB2156-0AE7-44BB-AE43-3E6720E84512}.Release|Any CPU.ActiveCfg = Release|Any CPU
		{31BB2156-0AE7-44BB-AE43-3E6720E84512}.Release|Any CPU.Build.0 = Release|Any CPU
		{EF54A03F-A9FD-4D62-AB34-CD02C552F4B7}.Debug|Any CPU.ActiveCfg = Debug|Any CPU
		{EF54A03F-A9FD-4D62-AB34-CD02C552F4B7}.Debug|Any CPU.Build.0 = Debug|Any CPU
		{EF54A03F-A9FD-4D62-AB34-CD02C552F4B7}.Release|Any CPU.ActiveCfg = Release|Any CPU
		{EF54A03F-A9FD-4D62-AB34-CD02C552F4B7}.Release|Any CPU.Build.0 = Release|Any CPU
		{2F6B4184-9558-483F-8BED-6A0FC10328A4}.Debug|Any CPU.ActiveCfg = Debug|Any CPU
		{2F6B4184-9558-483F-8BED-6A0FC10328A4}.Debug|Any CPU.Build.0 = Debug|Any CPU
		{2F6B4184-9558-483F-8BED-6A0FC10328A4}.Release|Any CPU.ActiveCfg = Release|Any CPU
		{2F6B4184-9558-483F-8BED-6A0FC10328A4}.Release|Any CPU.Build.0 = Release|Any CPU
		{7BA24EFC-4B7E-4002-AF0E-7352E9024926}.Debug|Any CPU.ActiveCfg = Debug|Any CPU
		{7BA24EFC-4B7E-4002-AF0E-7352E9024926}.Debug|Any CPU.Build.0 = Debug|Any CPU
		{7BA24EFC-4B7E-4002-AF0E-7352E9024926}.Release|Any CPU.ActiveCfg = Release|Any CPU
		{7BA24EFC-4B7E-4002-AF0E-7352E9024926}.Release|Any CPU.Build.0 = Release|Any CPU
		{0BA2A83C-1521-47EA-923B-B3B84B2D0F5E}.Debug|Any CPU.ActiveCfg = Debug|Any CPU
		{0BA2A83C-1521-47EA-923B-B3B84B2D0F5E}.Debug|Any CPU.Build.0 = Debug|Any CPU
		{0BA2A83C-1521-47EA-923B-B3B84B2D0F5E}.Release|Any CPU.ActiveCfg = Release|Any CPU
		{0BA2A83C-1521-47EA-923B-B3B84B2D0F5E}.Release|Any CPU.Build.0 = Release|Any CPU
		{67F9ABEF-5BE1-475E-81DB-E7ACB6DB5B73}.Debug|Any CPU.ActiveCfg = Debug|Any CPU
		{67F9ABEF-5BE1-475E-81DB-E7ACB6DB5B73}.Debug|Any CPU.Build.0 = Debug|Any CPU
		{67F9ABEF-5BE1-475E-81DB-E7ACB6DB5B73}.Release|Any CPU.ActiveCfg = Release|Any CPU
		{67F9ABEF-5BE1-475E-81DB-E7ACB6DB5B73}.Release|Any CPU.Build.0 = Release|Any CPU
		{022AF7E6-45C3-404A-B530-301018A3F2A5}.Debug|Any CPU.ActiveCfg = Debug|Any CPU
		{022AF7E6-45C3-404A-B530-301018A3F2A5}.Debug|Any CPU.Build.0 = Debug|Any CPU
		{022AF7E6-45C3-404A-B530-301018A3F2A5}.Release|Any CPU.ActiveCfg = Release|Any CPU
		{022AF7E6-45C3-404A-B530-301018A3F2A5}.Release|Any CPU.Build.0 = Release|Any CPU
		{F7976C6D-5968-41E5-B21C-E4B9B3406723}.Debug|Any CPU.ActiveCfg = Debug|Any CPU
		{F7976C6D-5968-41E5-B21C-E4B9B3406723}.Debug|Any CPU.Build.0 = Debug|Any CPU
		{F7976C6D-5968-41E5-B21C-E4B9B3406723}.Release|Any CPU.ActiveCfg = Release|Any CPU
		{F7976C6D-5968-41E5-B21C-E4B9B3406723}.Release|Any CPU.Build.0 = Release|Any CPU
		{F332F0F8-C38E-4A83-BA80-F4D60FC99C01}.Debug|Any CPU.ActiveCfg = Debug|Any CPU
		{F332F0F8-C38E-4A83-BA80-F4D60FC99C01}.Debug|Any CPU.Build.0 = Debug|Any CPU
		{F332F0F8-C38E-4A83-BA80-F4D60FC99C01}.Release|Any CPU.ActiveCfg = Release|Any CPU
		{F332F0F8-C38E-4A83-BA80-F4D60FC99C01}.Release|Any CPU.Build.0 = Release|Any CPU
	EndGlobalSection
	GlobalSection(SolutionProperties) = preSolution
		HideSolutionNode = FALSE
	EndGlobalSection
	GlobalSection(NestedProjects) = preSolution
		{574AD1CC-F76C-4B6B-B918-AC8E2D661B6B} = {2F3E3265-DD22-43B2-8AE4-7F93AE0986AF}
		{0C615926-946B-4D92-8CA1-4EE14766B731} = {2F3E3265-DD22-43B2-8AE4-7F93AE0986AF}
		{FE3733A9-0049-41B6-B2A0-8AFACD7CD645} = {2F3E3265-DD22-43B2-8AE4-7F93AE0986AF}
		{B4B40943-BDDB-4495-9D88-A518304A0C4F} = {3B70FBE9-BBED-4D6A-838A-28E1C2C01040}
		{4F44ACEA-CD1E-4767-A494-10D5DAE1B871} = {B4B40943-BDDB-4495-9D88-A518304A0C4F}
		{3B70FBE9-BBED-4D6A-838A-28E1C2C01040} = {574AD1CC-F76C-4B6B-B918-AC8E2D661B6B}
		{8E4ECE9C-FA1C-4ABB-B807-D49B4CCCCF75} = {3B70FBE9-BBED-4D6A-838A-28E1C2C01040}
		{A069BDFB-A0D5-4070-9762-D58A66430DA3} = {574AD1CC-F76C-4B6B-B918-AC8E2D661B6B}
		{376D2662-B3B2-4E64-B7B0-BB843C159601} = {A069BDFB-A0D5-4070-9762-D58A66430DA3}
		{936C25D1-8673-4828-B76D-35A12771C44D} = {574AD1CC-F76C-4B6B-B918-AC8E2D661B6B}
		{F405011E-E938-4CC1-AA85-AD31A4BF728E} = {936C25D1-8673-4828-B76D-35A12771C44D}
		{D18682C7-CAEC-4DA6-8E1A-1A9B161FEB20} = {FE3733A9-0049-41B6-B2A0-8AFACD7CD645}
		{3FA9D168-D4BE-4C45-80EF-76FAE99C42D1} = {FE3733A9-0049-41B6-B2A0-8AFACD7CD645}
		{EB0640AB-0A79-4DEB-8EF2-C43A902CE7B7} = {3FA9D168-D4BE-4C45-80EF-76FAE99C42D1}
		{6490FFF8-6A41-406A-85D5-C3DD794A0532} = {EB0640AB-0A79-4DEB-8EF2-C43A902CE7B7}
		{69364F4B-6DBE-4BB9-929A-5BEBB104DF18} = {FE3733A9-0049-41B6-B2A0-8AFACD7CD645}
		{96E4E3D5-5FCF-498E-9B0B-E3EC059AD62D} = {69364F4B-6DBE-4BB9-929A-5BEBB104DF18}
		{E57F02D5-A41A-49FF-8498-9E8DB125657F} = {D18682C7-CAEC-4DA6-8E1A-1A9B161FEB20}
		{5D7D9A9C-88A2-48EA-ACEB-2C9C85E0ADEC} = {574AD1CC-F76C-4B6B-B918-AC8E2D661B6B}
		{31BB2156-0AE7-44BB-AE43-3E6720E84512} = {5D7D9A9C-88A2-48EA-ACEB-2C9C85E0ADEC}
		{18EA73F1-DB6C-4C52-A756-A7B342502FD3} = {3FA9D168-D4BE-4C45-80EF-76FAE99C42D1}
		{43F8644E-D633-4C68-90CB-2AA6CC6A4681} = {3FA9D168-D4BE-4C45-80EF-76FAE99C42D1}
		{EF54A03F-A9FD-4D62-AB34-CD02C552F4B7} = {43F8644E-D633-4C68-90CB-2AA6CC6A4681}
		{B4AFAA8D-ED55-408E-9E30-5C769D25C51D} = {FE3733A9-0049-41B6-B2A0-8AFACD7CD645}
		{2F6B4184-9558-483F-8BED-6A0FC10328A4} = {B4AFAA8D-ED55-408E-9E30-5C769D25C51D}
		{7BA24EFC-4B7E-4002-AF0E-7352E9024926} = {B4AFAA8D-ED55-408E-9E30-5C769D25C51D}
		{4C0F101A-E68C-468E-9FD2-6917850E4381} = {B4AFAA8D-ED55-408E-9E30-5C769D25C51D}
		{0BA2A83C-1521-47EA-923B-B3B84B2D0F5E} = {4C0F101A-E68C-468E-9FD2-6917850E4381}
		{67F9ABEF-5BE1-475E-81DB-E7ACB6DB5B73} = {4C0F101A-E68C-468E-9FD2-6917850E4381}
		{022AF7E6-45C3-404A-B530-301018A3F2A5} = {B4AFAA8D-ED55-408E-9E30-5C769D25C51D}
		{8EE95EE3-A00A-421B-ACC5-5F0639C22696} = {FE3733A9-0049-41B6-B2A0-8AFACD7CD645}
		{F7976C6D-5968-41E5-B21C-E4B9B3406723} = {8EE95EE3-A00A-421B-ACC5-5F0639C22696}
		{F332F0F8-C38E-4A83-BA80-F4D60FC99C01} = {8E4ECE9C-FA1C-4ABB-B807-D49B4CCCCF75}
	EndGlobalSection
	GlobalSection(ExtensibilityGlobals) = postSolution
		SolutionGuid = {D0C1135C-EBD8-47BE-B161-CCD7D02B2D1B}
	EndGlobalSection
EndGlobal
